
Microsoft Visual Studio Solution File, Format Version 12.00
# Visual Studio Version 17
VisualStudioVersion = 17.9.34607.119
MinimumVisualStudioVersion = 10.0.40219.1
Project("{FAE04EC0-301F-11D3-BF4B-00C04F79EFBC}") = "HealthEdgeSolutions", "HealthEdgeSolutions\HealthEdgeSolutions.csproj", "{56527340-17BE-4C71-B09D-BADE480D0C4C}"
EndProject
Project("{FAE04EC0-301F-11D3-BF4B-00C04F79EFBC}") = "DataAccess", "DataAccess\DataAccess.csproj", "{7CD3DD70-C6A8-45F6-A7EA-A983570173A8}"
EndProject
Global
	GlobalSection(SolutionConfigurationPlatforms) = preSolution
		Debug|Any CPU = Debug|Any CPU
		Release|Any CPU = Release|Any CPU
	EndGlobalSection
	GlobalSection(ProjectConfigurationPlatforms) = postSolution
		{56527340-17BE-4C71-B09D-BADE480D0C4C}.Debug|Any CPU.ActiveCfg = Debug|Any CPU
		{56527340-17BE-4C71-B09D-BADE480D0C4C}.Debug|Any CPU.Build.0 = Debug|Any CPU
		{56527340-17BE-4C71-B09D-BADE480D0C4C}.Release|Any CPU.ActiveCfg = Release|Any CPU
		{56527340-17BE-4C71-B09D-BADE480D0C4C}.Release|Any CPU.Build.0 = Release|Any CPU
		{7CD3DD70-C6A8-45F6-A7EA-A983570173A8}.Debug|Any CPU.ActiveCfg = Debug|Any CPU
		{7CD3DD70-C6A8-45F6-A7EA-A983570173A8}.Debug|Any CPU.Build.0 = Debug|Any CPU
		{7CD3DD70-C6A8-45F6-A7EA-A983570173A8}.Release|Any CPU.ActiveCfg = Release|Any CPU
		{7CD3DD70-C6A8-45F6-A7EA-A983570173A8}.Release|Any CPU.Build.0 = Release|Any CPU
	EndGlobalSection
	GlobalSection(SolutionProperties) = preSolution
		HideSolutionNode = FALSE
	EndGlobalSection
	GlobalSection(ExtensibilityGlobals) = postSolution
		SolutionGuid = {8BD7E3F5-362C-4FFB-828B-12307D229691}
	EndGlobalSection
EndGlobal
